// !$*UTF8*$!
{
	archiveVersion = 1;
	classes = {
	};
	objectVersion = 46;
	objects = {

/* Begin PBXBuildFile section */
		41328BCF1829DDB000C68615 /* Foundation.framework in Frameworks */ = {isa = PBXBuildFile; fileRef = 41328BCE1829DDB000C68615 /* Foundation.framework */; };
		41328BD11829DDB000C68615 /* CoreGraphics.framework in Frameworks */ = {isa = PBXBuildFile; fileRef = 41328BD01829DDB000C68615 /* CoreGraphics.framework */; };
		41328BD31829DDB000C68615 /* UIKit.framework in Frameworks */ = {isa = PBXBuildFile; fileRef = 41328BD21829DDB000C68615 /* UIKit.framework */; };
		41328BD91829DDB000C68615 /* InfoPlist.strings in Resources */ = {isa = PBXBuildFile; fileRef = 41328BD71829DDB000C68615 /* InfoPlist.strings */; };
		41328BDB1829DDB000C68615 /* main.m in Sources */ = {isa = PBXBuildFile; fileRef = 41328BDA1829DDB000C68615 /* main.m */; };
		41328BDF1829DDB000C68615 /* SIAppDelegate.m in Sources */ = {isa = PBXBuildFile; fileRef = 41328BDE1829DDB000C68615 /* SIAppDelegate.m */; };
		41328BE21829DDB000C68615 /* Main.storyboard in Resources */ = {isa = PBXBuildFile; fileRef = 41328BE01829DDB000C68615 /* Main.storyboard */; };
		41328BE51829DDB000C68615 /* SIViewController.m in Sources */ = {isa = PBXBuildFile; fileRef = 41328BE41829DDB000C68615 /* SIViewController.m */; };
		41328BE71829DDB000C68615 /* Images.xcassets in Resources */ = {isa = PBXBuildFile; fileRef = 41328BE61829DDB000C68615 /* Images.xcassets */; };
		41328BEE1829DDB000C68615 /* XCTest.framework in Frameworks */ = {isa = PBXBuildFile; fileRef = 41328BED1829DDB000C68615 /* XCTest.framework */; };
		41328BEF1829DDB000C68615 /* Foundation.framework in Frameworks */ = {isa = PBXBuildFile; fileRef = 41328BCE1829DDB000C68615 /* Foundation.framework */; };
		41328BF01829DDB000C68615 /* UIKit.framework in Frameworks */ = {isa = PBXBuildFile; fileRef = 41328BD21829DDB000C68615 /* UIKit.framework */; };
		41328BF81829DDB000C68615 /* InfoPlist.strings in Resources */ = {isa = PBXBuildFile; fileRef = 41328BF61829DDB000C68615 /* InfoPlist.strings */; };
		41328BFA1829DDB000C68615 /* UITableViewController_Challenge_SolutionTests.m in Sources */ = {isa = PBXBuildFile; fileRef = 41328BF91829DDB000C68615 /* UITableViewController_Challenge_SolutionTests.m */; };
/* End PBXBuildFile section */

/* Begin PBXContainerItemProxy section */
		41328BF11829DDB000C68615 /* PBXContainerItemProxy */ = {
			isa = PBXContainerItemProxy;
			containerPortal = 41328BC31829DDB000C68615 /* Project object */;
			proxyType = 1;
			remoteGlobalIDString = 41328BCA1829DDB000C68615;
			remoteInfo = "UITableViewController Challenge Solution";
		};
/* End PBXContainerItemProxy section */

/* Begin PBXFileReference section */
		41328BCB1829DDB000C68615 /* UITableViewController Challenge Solution.app */ = {isa = PBXFileReference; explicitFileType = wrapper.application; includeInIndex = 0; path = "UITableViewController Challenge Solution.app"; sourceTree = BUILT_PRODUCTS_DIR; };
		41328BCE1829DDB000C68615 /* Foundation.framework */ = {isa = PBXFileReference; lastKnownFileType = wrapper.framework; name = Foundation.framework; path = System/Library/Frameworks/Foundation.framework; sourceTree = SDKROOT; };
		41328BD01829DDB000C68615 /* CoreGraphics.framework */ = {isa = PBXFileReference; lastKnownFileType = wrapper.framework; name = CoreGraphics.framework; path = System/Library/Frameworks/CoreGraphics.framework; sourceTree = SDKROOT; };
		41328BD21829DDB000C68615 /* UIKit.framework */ = {isa = PBXFileReference; lastKnownFileType = wrapper.framework; name = UIKit.framework; path = System/Library/Frameworks/UIKit.framework; sourceTree = SDKROOT; };
		41328BD61829DDB000C68615 /* UITableViewController Challenge Solution-Info.plist */ = {isa = PBXFileReference; lastKnownFileType = text.plist.xml; path = "UITableViewController Challenge Solution-Info.plist"; sourceTree = "<group>"; };
		41328BD81829DDB000C68615 /* en */ = {isa = PBXFileReference; lastKnownFileType = text.plist.strings; name = en; path = en.lproj/InfoPlist.strings; sourceTree = "<group>"; };
		41328BDA1829DDB000C68615 /* main.m */ = {isa = PBXFileReference; lastKnownFileType = sourcecode.c.objc; path = main.m; sourceTree = "<group>"; };
		41328BDC1829DDB000C68615 /* UITableViewController Challenge Solution-Prefix.pch */ = {isa = PBXFileReference; lastKnownFileType = sourcecode.c.h; path = "UITableViewController Challenge Solution-Prefix.pch"; sourceTree = "<group>"; };
		41328BDD1829DDB000C68615 /* SIAppDelegate.h */ = {isa = PBXFileReference; lastKnownFileType = sourcecode.c.h; path = SIAppDelegate.h; sourceTree = "<group>"; };
		41328BDE1829DDB000C68615 /* SIAppDelegate.m */ = {isa = PBXFileReference; lastKnownFileType = sourcecode.c.objc; path = SIAppDelegate.m; sourceTree = "<group>"; };
		41328BE11829DDB000C68615 /* Base */ = {isa = PBXFileReference; lastKnownFileType = file.storyboard; name = Base; path = Base.lproj/Main.storyboard; sourceTree = "<group>"; };
		41328BE31829DDB000C68615 /* SIViewController.h */ = {isa = PBXFileReference; lastKnownFileType = sourcecode.c.h; path = SIViewController.h; sourceTree = "<group>"; };
		41328BE41829DDB000C68615 /* SIViewController.m */ = {isa = PBXFileReference; lastKnownFileType = sourcecode.c.objc; path = SIViewController.m; sourceTree = "<group>"; };
		41328BE61829DDB000C68615 /* Images.xcassets */ = {isa = PBXFileReference; lastKnownFileType = folder.assetcatalog; path = Images.xcassets; sourceTree = "<group>"; };
		41328BEC1829DDB000C68615 /* UITableViewController Challenge SolutionTests.xctest */ = {isa = PBXFileReference; explicitFileType = wrapper.cfbundle; includeInIndex = 0; path = "UITableViewController Challenge SolutionTests.xctest"; sourceTree = BUILT_PRODUCTS_DIR; };
		41328BED1829DDB000C68615 /* XCTest.framework */ = {isa = PBXFileReference; lastKnownFileType = wrapper.framework; name = XCTest.framework; path = Library/Frameworks/XCTest.framework; sourceTree = DEVELOPER_DIR; };
		41328BF51829DDB000C68615 /* UITableViewController Challenge SolutionTests-Info.plist */ = {isa = PBXFileReference; lastKnownFileType = text.plist.xml; path = "UITableViewController Challenge SolutionTests-Info.plist"; sourceTree = "<group>"; };
		41328BF71829DDB000C68615 /* en */ = {isa = PBXFileReference; lastKnownFileType = text.plist.strings; name = en; path = en.lproj/InfoPlist.strings; sourceTree = "<group>"; };
		41328BF91829DDB000C68615 /* UITableViewController_Challenge_SolutionTests.m */ = {isa = PBXFileReference; lastKnownFileType = sourcecode.c.objc; path = UITableViewController_Challenge_SolutionTests.m; sourceTree = "<group>"; };
/* End PBXFileReference section */

/* Begin PBXFrameworksBuildPhase section */
		41328BC81829DDB000C68615 /* Frameworks */ = {
			isa = PBXFrameworksBuildPhase;
			buildActionMask = 2147483647;
			files = (
				41328BD11829DDB000C68615 /* CoreGraphics.framework in Frameworks */,
				41328BD31829DDB000C68615 /* UIKit.framework in Frameworks */,
				41328BCF1829DDB000C68615 /* Foundation.framework in Frameworks */,
			);
			runOnlyForDeploymentPostprocessing = 0;
		};
		41328BE91829DDB000C68615 /* Frameworks */ = {
			isa = PBXFrameworksBuildPhase;
			buildActionMask = 2147483647;
			files = (
				41328BEE1829DDB000C68615 /* XCTest.framework in Frameworks */,
				41328BF01829DDB000C68615 /* UIKit.framework in Frameworks */,
				41328BEF1829DDB000C68615 /* Foundation.framework in Frameworks */,
			);
			runOnlyForDeploymentPostprocessing = 0;
		};
/* End PBXFrameworksBuildPhase section */

/* Begin PBXGroup section */
		41328BC21829DDB000C68615 = {
			isa = PBXGroup;
			children = (
				41328BD41829DDB000C68615 /* UITableViewController Challenge Solution */,
				41328BF31829DDB000C68615 /* UITableViewController Challenge SolutionTests */,
				41328BCD1829DDB000C68615 /* Frameworks */,
				41328BCC1829DDB000C68615 /* Products */,
			);
			sourceTree = "<group>";
		};
		41328BCC1829DDB000C68615 /* Products */ = {
			isa = PBXGroup;
			children = (
				41328BCB1829DDB000C68615 /* UITableViewController Challenge Solution.app */,
				41328BEC1829DDB000C68615 /* UITableViewController Challenge SolutionTests.xctest */,
			);
			name = Products;
			sourceTree = "<group>";
		};
		41328BCD1829DDB000C68615 /* Frameworks */ = {
			isa = PBXGroup;
			children = (
				41328BCE1829DDB000C68615 /* Foundation.framework */,
				41328BD01829DDB000C68615 /* CoreGraphics.framework */,
				41328BD21829DDB000C68615 /* UIKit.framework */,
				41328BED1829DDB000C68615 /* XCTest.framework */,
			);
			name = Frameworks;
			sourceTree = "<group>";
		};
		41328BD41829DDB000C68615 /* UITableViewController Challenge Solution */ = {
			isa = PBXGroup;
			children = (
				41328BDD1829DDB000C68615 /* SIAppDelegate.h */,
				41328BDE1829DDB000C68615 /* SIAppDelegate.m */,
				41328BE01829DDB000C68615 /* Main.storyboard */,
				41328BE31829DDB000C68615 /* SIViewController.h */,
				41328BE41829DDB000C68615 /* SIViewController.m */,
				41328BE61829DDB000C68615 /* Images.xcassets */,
				41328BD51829DDB000C68615 /* Supporting Files */,
			);
			path = "UITableViewController Challenge Solution";
			sourceTree = "<group>";
		};
		41328BD51829DDB000C68615 /* Supporting Files */ = {
			isa = PBXGroup;
			children = (
				41328BD61829DDB000C68615 /* UITableViewController Challenge Solution-Info.plist */,
				41328BD71829DDB000C68615 /* InfoPlist.strings */,
				41328BDA1829DDB000C68615 /* main.m */,
				41328BDC1829DDB000C68615 /* UITableViewController Challenge Solution-Prefix.pch */,
			);
			name = "Supporting Files";
			sourceTree = "<group>";
		};
		41328BF31829DDB000C68615 /* UITableViewController Challenge SolutionTests */ = {
			isa = PBXGroup;
			children = (
				41328BF91829DDB000C68615 /* UITableViewController_Challenge_SolutionTests.m */,
				41328BF41829DDB000C68615 /* Supporting Files */,
			);
			path = "UITableViewController Challenge SolutionTests";
			sourceTree = "<group>";
		};
		41328BF41829DDB000C68615 /* Supporting Files */ = {
			isa = PBXGroup;
			children = (
				41328BF51829DDB000C68615 /* UITableViewController Challenge SolutionTests-Info.plist */,
				41328BF61829DDB000C68615 /* InfoPlist.strings */,
			);
			name = "Supporting Files";
			sourceTree = "<group>";
		};
/* End PBXGroup section */

/* Begin PBXNativeTarget section */
		41328BCA1829DDB000C68615 /* UITableViewController Challenge Solution */ = {
			isa = PBXNativeTarget;
			buildConfigurationList = 41328BFD1829DDB000C68615 /* Build configuration list for PBXNativeTarget "UITableViewController Challenge Solution" */;
			buildPhases = (
				41328BC71829DDB000C68615 /* Sources */,
				41328BC81829DDB000C68615 /* Frameworks */,
				41328BC91829DDB000C68615 /* Resources */,
			);
			buildRules = (
			);
			dependencies = (
			);
			name = "UITableViewController Challenge Solution";
			productName = "UITableViewController Challenge Solution";
			productReference = 41328BCB1829DDB000C68615 /* UITableViewController Challenge Solution.app */;
			productType = "com.apple.product-type.application";
		};
		41328BEB1829DDB000C68615 /* UITableViewController Challenge SolutionTests */ = {
			isa = PBXNativeTarget;
			buildConfigurationList = 41328C001829DDB000C68615 /* Build configuration list for PBXNativeTarget "UITableViewController Challenge SolutionTests" */;
			buildPhases = (
				41328BE81829DDB000C68615 /* Sources */,
				41328BE91829DDB000C68615 /* Frameworks */,
				41328BEA1829DDB000C68615 /* Resources */,
			);
			buildRules = (
			);
			dependencies = (
				41328BF21829DDB000C68615 /* PBXTargetDependency */,
			);
			name = "UITableViewController Challenge SolutionTests";
			productName = "UITableViewController Challenge SolutionTests";
			productReference = 41328BEC1829DDB000C68615 /* UITableViewController Challenge SolutionTests.xctest */;
			productType = "com.apple.product-type.bundle.unit-test";
		};
/* End PBXNativeTarget section */

/* Begin PBXProject section */
		41328BC31829DDB000C68615 /* Project object */ = {
			isa = PBXProject;
			attributes = {
				CLASSPREFIX = SI;
				LastUpgradeCheck = 0500;
				ORGANIZATIONNAME = "Jordan Stiver";
				TargetAttributes = {
					41328BEB1829DDB000C68615 = {
						TestTargetID = 41328BCA1829DDB000C68615;
					};
				};
			};
			buildConfigurationList = 41328BC61829DDB000C68615 /* Build configuration list for PBXProject "UITableViewController Challenge Solution" */;
			compatibilityVersion = "Xcode 3.2";
			developmentRegion = English;
			hasScannedForEncodings = 0;
			knownRegions = (
				en,
				Base,
			);
			mainGroup = 41328BC21829DDB000C68615;
			productRefGroup = 41328BCC1829DDB000C68615 /* Products */;
			projectDirPath = "";
			projectRoot = "";
			targets = (
				41328BCA1829DDB000C68615 /* UITableViewController Challenge Solution */,
				41328BEB1829DDB000C68615 /* UITableViewController Challenge SolutionTests */,
			);
		};
/* End PBXProject section */

/* Begin PBXResourcesBuildPhase section */
		41328BC91829DDB000C68615 /* Resources */ = {
			isa = PBXResourcesBuildPhase;
			buildActionMask = 2147483647;
			files = (
				41328BE71829DDB000C68615 /* Images.xcassets in Resources */,
				41328BD91829DDB000C68615 /* InfoPlist.strings in Resources */,
				41328BE21829DDB000C68615 /* Main.storyboard in Resources */,
			);
			runOnlyForDeploymentPostprocessing = 0;
		};
		41328BEA1829DDB000C68615 /* Resources */ = {
			isa = PBXResourcesBuildPhase;
			buildActionMask = 2147483647;
			files = (
				41328BF81829DDB000C68615 /* InfoPlist.strings in Resources */,
			);
			runOnlyForDeploymentPostprocessing = 0;
		};
/* End PBXResourcesBuildPhase section */

/* Begin PBXSourcesBuildPhase section */
		41328BC71829DDB000C68615 /* Sources */ = {
			isa = PBXSourcesBuildPhase;
			buildActionMask = 2147483647;
			files = (
				41328BDF1829DDB000C68615 /* SIAppDelegate.m in Sources */,
				41328BE51829DDB000C68615 /* SIViewController.m in Sources */,
				41328BDB1829DDB000C68615 /* main.m in Sources */,
			);
			runOnlyForDeploymentPostprocessing = 0;
		};
		41328BE81829DDB000C68615 /* Sources */ = {
			isa = PBXSourcesBuildPhase;
			buildActionMask = 2147483647;
			files = (
				41328BFA1829DDB000C68615 /* UITableViewController_Challenge_SolutionTests.m in Sources */,
			);
			runOnlyForDeploymentPostprocessing = 0;
		};
/* End PBXSourcesBuildPhase section */

/* Begin PBXTargetDependency section */
		41328BF21829DDB000C68615 /* PBXTargetDependency */ = {
			isa = PBXTargetDependency;
			target = 41328BCA1829DDB000C68615 /* UITableViewController Challenge Solution */;
			targetProxy = 41328BF11829DDB000C68615 /* PBXContainerItemProxy */;
		};
/* End PBXTargetDependency section */

/* Begin PBXVariantGroup section */
		41328BD71829DDB000C68615 /* InfoPlist.strings */ = {
			isa = PBXVariantGroup;
			children = (
				41328BD81829DDB000C68615 /* en */,
			);
			name = InfoPlist.strings;
			sourceTree = "<group>";
		};
		41328BE01829DDB000C68615 /* Main.storyboard */ = {
			isa = PBXVariantGroup;
			children = (
				41328BE11829DDB000C68615 /* Base */,
			);
			name = Main.storyboard;
			sourceTree = "<group>";
		};
		41328BF61829DDB000C68615 /* InfoPlist.strings */ = {
			isa = PBXVariantGroup;
			children = (
				41328BF71829DDB000C68615 /* en */,
			);
			name = InfoPlist.strings;
			sourceTree = "<group>";
		};
/* End PBXVariantGroup section */

/* Begin XCBuildConfiguration section */
		41328BFB1829DDB000C68615 /* Debug */ = {
			isa = XCBuildConfiguration;
			buildSettings = {
				ALWAYS_SEARCH_USER_PATHS = NO;
				ARCHS = "$(ARCHS_STANDARD_INCLUDING_64_BIT)";
				CLANG_CXX_LANGUAGE_STANDARD = "gnu++0x";
				CLANG_CXX_LIBRARY = "libc++";
				CLANG_ENABLE_MODULES = YES;
				CLANG_ENABLE_OBJC_ARC = YES;
				CLANG_WARN_BOOL_CONVERSION = YES;
				CLANG_WARN_CONSTANT_CONVERSION = YES;
				CLANG_WARN_DIRECT_OBJC_ISA_USAGE = YES_ERROR;
				CLANG_WARN_EMPTY_BODY = YES;
				CLANG_WARN_ENUM_CONVERSION = YES;
				CLANG_WARN_INT_CONVERSION = YES;
				CLANG_WARN_OBJC_ROOT_CLASS = YES_ERROR;
				CLANG_WARN__DUPLICATE_METHOD_MATCH = YES;
				"CODE_SIGN_IDENTITY[sdk=iphoneos*]" = "iPhone Developer";
				COPY_PHASE_STRIP = NO;
				GCC_C_LANGUAGE_STANDARD = gnu99;
				GCC_DYNAMIC_NO_PIC = NO;
				GCC_OPTIMIZATION_LEVEL = 0;
				GCC_PREPROCESSOR_DEFINITIONS = (
					"DEBUG=1",
					"$(inherited)",
				);
				GCC_SYMBOLS_PRIVATE_EXTERN = NO;
				GCC_WARN_64_TO_32_BIT_CONVERSION = YES;
				GCC_WARN_ABOUT_RETURN_TYPE = YES_ERROR;
				GCC_WARN_UNDECLARED_SELECTOR = YES;
				GCC_WARN_UNINITIALIZED_AUTOS = YES;
				GCC_WARN_UNUSED_FUNCTION = YES;
				GCC_WARN_UNUSED_VARIABLE = YES;
				IPHONEOS_DEPLOYMENT_TARGET = 7.0;
				ONLY_ACTIVE_ARCH = YES;
				SDKROOT = iphoneos;
			};
			name = Debug;
		};
		41328BFC1829DDB000C68615 /* Release */ = {
			isa = XCBuildConfiguration;
			buildSettings = {
				ALWAYS_SEARCH_USER_PATHS = NO;
				ARCHS = "$(ARCHS_STANDARD_INCLUDING_64_BIT)";
				CLANG_CXX_LANGUAGE_STANDARD = "gnu++0x";
				CLANG_CXX_LIBRARY = "libc++";
				CLANG_ENABLE_MODULES = YES;
				CLANG_ENABLE_OBJC_ARC = YES;
				CLANG_WARN_BOOL_CONVERSION = YES;
				CLANG_WARN_CONSTANT_CONVERSION = YES;
				CLANG_WARN_DIRECT_OBJC_ISA_USAGE = YES_ERROR;
				CLANG_WARN_EMPTY_BODY = YES;
				CLANG_WARN_ENUM_CONVERSION = YES;
				CLANG_WARN_INT_CONVERSION = YES;
				CLANG_WARN_OBJC_ROOT_CLASS = YES_ERROR;
				CLANG_WARN__DUPLICATE_METHOD_MATCH = YES;
				"CODE_SIGN_IDENTITY[sdk=iphoneos*]" = "iPhone Developer";
				COPY_PHASE_STRIP = YES;
				ENABLE_NS_ASSERTIONS = NO;
				GCC_C_LANGUAGE_STANDARD = gnu99;
				GCC_WARN_64_TO_32_BIT_CONVERSION = YES;
				GCC_WARN_ABOUT_RETURN_TYPE = YES_ERROR;
				GCC_WARN_UNDECLARED_SELECTOR = YES;
				GCC_WARN_UNINITIALIZED_AUTOS = YES;
				GCC_WARN_UNUSED_FUNCTION = YES;
				GCC_WARN_UNUSED_VARIABLE = YES;
				IPHONEOS_DEPLOYMENT_TARGET = 7.0;
				SDKROOT = iphoneos;
				VALIDATE_PRODUCT = YES;
			};
			name = Release;
		};
		41328BFE1829DDB000C68615 /* Debug */ = {
			isa = XCBuildConfiguration;
			buildSettings = {
				ASSETCATALOG_COMPILER_APPICON_NAME = AppIcon;
				ASSETCATALOG_COMPILER_LAUNCHIMAGE_NAME = LaunchImage;
				GCC_PRECOMPILE_PREFIX_HEADER = YES;
				GCC_PREFIX_HEADER = "UITableViewController Challenge Solution/UITableViewController Challenge Solution-Prefix.pch";
				INFOPLIST_FILE = "UITableViewController Challenge Solution/UITableViewController Challenge Solution-Info.plist";
				PRODUCT_NAME = "$(TARGET_NAME)";
				WRAPPER_EXTENSION = app;
			};
			name = Debug;
		};
		41328BFF1829DDB000C68615 /* Release */ = {
			isa = XCBuildConfiguration;
			buildSettings = {
				ASSETCATALOG_COMPILER_APPICON_NAME = AppIcon;
				ASSETCATALOG_COMPILER_LAUNCHIMAGE_NAME = LaunchImage;
				GCC_PRECOMPILE_PREFIX_HEADER = YES;
				GCC_PREFIX_HEADER = "UITableViewController Challenge Solution/UITableViewController Challenge Solution-Prefix.pch";
				INFOPLIST_FILE = "UITableViewController Challenge Solution/UITableViewController Challenge Solution-Info.plist";
				PRODUCT_NAME = "$(TARGET_NAME)";
				WRAPPER_EXTENSION = app;
			};
			name = Release;
		};
		41328C011829DDB000C68615 /* Debug */ = {
			isa = XCBuildConfiguration;
			buildSettings = {
				ARCHS = "$(ARCHS_STANDARD_INCLUDING_64_BIT)";
				BUNDLE_LOADER = "$(BUILT_PRODUCTS_DIR)/UITableViewController Challenge Solution.app/UITableViewController Challenge Solution";
				FRAMEWORK_SEARCH_PATHS = (
					"$(SDKROOT)/Developer/Library/Frameworks",
					"$(inherited)",
					"$(DEVELOPER_FRAMEWORKS_DIR)",
				);
				GCC_PRECOMPILE_PREFIX_HEADER = YES;
				GCC_PREFIX_HEADER = "UITableViewController Challenge Solution/UITableViewController Challenge Solution-Prefix.pch";
				GCC_PREPROCESSOR_DEFINITIONS = (
					"DEBUG=1",
					"$(inherited)",
				);
				INFOPLIST_FILE = "UITableViewController Challenge SolutionTests/UITableViewController Challenge SolutionTests-Info.plist";
				PRODUCT_NAME = "$(TARGET_NAME)";
				TEST_HOST = "$(BUNDLE_LOADER)";
				WRAPPER_EXTENSION = xctest;
			};
			name = Debug;
		};
		41328C021829DDB000C68615 /* Release */ = {
			isa = XCBuildConfiguration;
			buildSettings = {
				ARCHS = "$(ARCHS_STANDARD_INCLUDING_64_BIT)";
				BUNDLE_LOADER = "$(BUILT_PRODUCTS_DIR)/UITableViewController Challenge Solution.app/UITableViewController Challenge Solution";
				FRAMEWORK_SEARCH_PATHS = (
					"$(SDKROOT)/Developer/Library/Frameworks",
					"$(inherited)",
					"$(DEVELOPER_FRAMEWORKS_DIR)",
				);
				GCC_PRECOMPILE_PREFIX_HEADER = YES;
				GCC_PREFIX_HEADER = "UITableViewController Challenge Solution/UITableViewController Challenge Solution-Prefix.pch";
				INFOPLIST_FILE = "UITableViewController Challenge SolutionTests/UITableViewController Challenge SolutionTests-Info.plist";
				PRODUCT_NAME = "$(TARGET_NAME)";
				TEST_HOST = "$(BUNDLE_LOADER)";
				WRAPPER_EXTENSION = xctest;
			};
			name = Release;
		};
/* End XCBuildConfiguration section */

/* Begin XCConfigurationList section */
		41328BC61829DDB000C68615 /* Build configuration list for PBXProject "UITableViewController Challenge Solution" */ = {
			isa = XCConfigurationList;
			buildConfigurations = (
				41328BFB1829DDB000C68615 /* Debug */,
				41328BFC1829DDB000C68615 /* Release */,
			);
			defaultConfigurationIsVisible = 0;
			defaultConfigurationName = Release;
		};
		41328BFD1829DDB000C68615 /* Build configuration list for PBXNativeTarget "UITableViewController Challenge Solution" */ = {
			isa = XCConfigurationList;
			buildConfigurations = (
				41328BFE1829DDB000C68615 /* Debug */,
				41328BFF1829DDB000C68615 /* Release */,
			);
			defaultConfigurationIsVisible = 0;
		};
		41328C001829DDB000C68615 /* Build configuration list for PBXNativeTarget "UITableViewController Challenge SolutionTests" */ = {
			isa = XCConfigurationList;
			buildConfigurations = (
				41328C011829DDB000C68615 /* Debug */,
				41328C021829DDB000C68615 /* Release */,
			);
			defaultConfigurationIsVisible = 0;
		};
/* End XCConfigurationList section */
	};
	rootObject = 41328BC31829DDB000C68615 /* Project object */;
}
